{
  "name": "foobot",
  "version": "0.0.1",
  "dependencies": {
    "grunt": {
      "version": "0.4.5",
      "from": "grunt@>=0.4.5 <1.0.0",
      "resolved": "https://registry.npmjs.org/grunt/-/grunt-0.4.5.tgz",
      "dependencies": {
        "glob": {
          "version": "5.0.15",
          "from": "glob@>=5.0.3 <6.0.0",
          "resolved": "https://registry.npmjs.org/glob/-/glob-5.0.15.tgz"
        }
      }
    }
}
